
Microsoft Visual Studio Solution File, Format Version 12.00
# Visual Studio 14
VisualStudioVersion = 14.0.24720.0
MinimumVisualStudioVersion = 10.0.40219.1
Project("{FAE04EC0-301F-11D3-BF4B-00C04F79EFBC}") = "KugelmatikLibrary", "KugelmatikLibrary\KugelmatikLibrary.csproj", "{6E3FCA3A-367D-4A00-BC85-00C767C16C80}"
EndProject
Project("{FAE04EC0-301F-11D3-BF4B-00C04F79EFBC}") = "KugelmatikControl", "KugelmatikControl\KugelmatikControl.csproj", "{C11DCDC8-6B05-45EA-9E94-8201C186922B}"
EndProject
Project("{FAE04EC0-301F-11D3-BF4B-00C04F79EFBC}") = "KugelmatikProxy", "KugelmatikProxy\KugelmatikProxy.csproj", "{85C4B964-276A-47B4-B3E8-BBB8C554F7BE}"
EndProject
Project("{8BC9CEB8-8B4A-11D0-8D11-00A0C91BC942}") = "Firmware", "Firmware\Firmware.vcxproj", "{C5F80730-F44F-4478-BDAE-6634EFC2CA88}"
EndProject
Global
	GlobalSection(SolutionConfigurationPlatforms) = preSolution
		Debug|Any CPU = Debug|Any CPU
		Debug|x86 = Debug|x86
		Release|Any CPU = Release|Any CPU
		Release|x86 = Release|x86
	EndGlobalSection
	GlobalSection(ProjectConfigurationPlatforms) = postSolution
		{6E3FCA3A-367D-4A00-BC85-00C767C16C80}.Debug|Any CPU.ActiveCfg = Debug|Any CPU
		{6E3FCA3A-367D-4A00-BC85-00C767C16C80}.Debug|Any CPU.Build.0 = Debug|Any CPU
		{6E3FCA3A-367D-4A00-BC85-00C767C16C80}.Debug|x86.ActiveCfg = Debug|Any CPU
		{6E3FCA3A-367D-4A00-BC85-00C767C16C80}.Debug|x86.Build.0 = Debug|Any CPU
		{6E3FCA3A-367D-4A00-BC85-00C767C16C80}.Release|Any CPU.ActiveCfg = Release|Any CPU
		{6E3FCA3A-367D-4A00-BC85-00C767C16C80}.Release|Any CPU.Build.0 = Release|Any CPU
		{6E3FCA3A-367D-4A00-BC85-00C767C16C80}.Release|x86.ActiveCfg = Release|Any CPU
		{6E3FCA3A-367D-4A00-BC85-00C767C16C80}.Release|x86.Build.0 = Release|Any CPU
		{C11DCDC8-6B05-45EA-9E94-8201C186922B}.Debug|Any CPU.ActiveCfg = Debug|Any CPU
		{C11DCDC8-6B05-45EA-9E94-8201C186922B}.Debug|Any CPU.Build.0 = Debug|Any CPU
		{C11DCDC8-6B05-45EA-9E94-8201C186922B}.Debug|x86.ActiveCfg = Debug|Any CPU
		{C11DCDC8-6B05-45EA-9E94-8201C186922B}.Debug|x86.Build.0 = Debug|Any CPU
		{C11DCDC8-6B05-45EA-9E94-8201C186922B}.Release|Any CPU.ActiveCfg = Release|Any CPU
		{C11DCDC8-6B05-45EA-9E94-8201C186922B}.Release|Any CPU.Build.0 = Release|Any CPU
		{C11DCDC8-6B05-45EA-9E94-8201C186922B}.Release|x86.ActiveCfg = Release|Any CPU
		{C11DCDC8-6B05-45EA-9E94-8201C186922B}.Release|x86.Build.0 = Release|Any CPU
		{85C4B964-276A-47B4-B3E8-BBB8C554F7BE}.Debug|Any CPU.ActiveCfg = Debug|Any CPU
		{85C4B964-276A-47B4-B3E8-BBB8C554F7BE}.Debug|Any CPU.Build.0 = Debug|Any CPU
		{85C4B964-276A-47B4-B3E8-BBB8C554F7BE}.Debug|x86.ActiveCfg = Debug|Any CPU
		{85C4B964-276A-47B4-B3E8-BBB8C554F7BE}.Debug|x86.Build.0 = Debug|Any CPU
		{85C4B964-276A-47B4-B3E8-BBB8C554F7BE}.Release|Any CPU.ActiveCfg = Release|Any CPU
		{85C4B964-276A-47B4-B3E8-BBB8C554F7BE}.Release|Any CPU.Build.0 = Release|Any CPU
		{85C4B964-276A-47B4-B3E8-BBB8C554F7BE}.Release|x86.ActiveCfg = Release|Any CPU
		{85C4B964-276A-47B4-B3E8-BBB8C554F7BE}.Release|x86.Build.0 = Release|Any CPU
		{C5F80730-F44F-4478-BDAE-6634EFC2CA88}.Debug|Any CPU.ActiveCfg = Debug|Win32
		{C5F80730-F44F-4478-BDAE-6634EFC2CA88}.Debug|x86.ActiveCfg = Debug|Win32
		{C5F80730-F44F-4478-BDAE-6634EFC2CA88}.Debug|x86.Build.0 = Debug|Win32
		{C5F80730-F44F-4478-BDAE-6634EFC2CA88}.Release|Any CPU.ActiveCfg = Release|Win32
		{C5F80730-F44F-4478-BDAE-6634EFC2CA88}.Release|x86.ActiveCfg = Release|Win32
		{C5F80730-F44F-4478-BDAE-6634EFC2CA88}.Release|x86.Build.0 = Release|Win32
	EndGlobalSection
	GlobalSection(SolutionProperties) = preSolution
		HideSolutionNode = FALSE
	EndGlobalSection
EndGlobal
